
Microsoft Visual Studio Solution File, Format Version 12.00
# Visual Studio Version 16
VisualStudioVersion = 16.0.31515.178
MinimumVisualStudioVersion = 10.0.40219.1
Project("{FAE04EC0-301F-11D3-BF4B-00C04F79EFBC}") = "StudentApp", "StudentApp\StudentApp.csproj", "{3857D5AC-B104-47ED-BAB2-8CA9EF57A1BA}"
EndProject
Global
	GlobalSection(SolutionConfigurationPlatforms) = preSolution
		Debug|Any CPU = Debug|Any CPU
		Release|Any CPU = Release|Any CPU
	EndGlobalSection
	GlobalSection(ProjectConfigurationPlatforms) = postSolution
		{3857D5AC-B104-47ED-BAB2-8CA9EF57A1BA}.Debug|Any CPU.ActiveCfg = Debug|Any CPU
		{3857D5AC-B104-47ED-BAB2-8CA9EF57A1BA}.Debug|Any CPU.Build.0 = Debug|Any CPU
		{3857D5AC-B104-47ED-BAB2-8CA9EF57A1BA}.Release|Any CPU.ActiveCfg = Release|Any CPU
		{3857D5AC-B104-47ED-BAB2-8CA9EF57A1BA}.Release|Any CPU.Build.0 = Release|Any CPU
	EndGlobalSection
	GlobalSection(SolutionProperties) = preSolution
		HideSolutionNode = FALSE
	EndGlobalSection
	GlobalSection(ExtensibilityGlobals) = postSolution
		SolutionGuid = {72B1913F-32B4-445F-9FD6-2FC539F0EC44}
	EndGlobalSection
EndGlobal
