
Microsoft Visual Studio Solution File, Format Version 12.00
# Visual Studio Version 16
VisualStudioVersion = 16.0.31702.278
MinimumVisualStudioVersion = 10.0.40219.1
Project("{FAE04EC0-301F-11D3-BF4B-00C04F79EFBC}") = "CourseApp", "CourseApp\CourseApp.csproj", "{70072066-AA99-4B10-BCD8-7ABAD2E9D729}"
EndProject
Global
	GlobalSection(SolutionConfigurationPlatforms) = preSolution
		Debug|Any CPU = Debug|Any CPU
		Release|Any CPU = Release|Any CPU
	EndGlobalSection
	GlobalSection(ProjectConfigurationPlatforms) = postSolution
		{70072066-AA99-4B10-BCD8-7ABAD2E9D729}.Debug|Any CPU.ActiveCfg = Debug|Any CPU
		{70072066-AA99-4B10-BCD8-7ABAD2E9D729}.Debug|Any CPU.Build.0 = Debug|Any CPU
		{70072066-AA99-4B10-BCD8-7ABAD2E9D729}.Release|Any CPU.ActiveCfg = Release|Any CPU
		{70072066-AA99-4B10-BCD8-7ABAD2E9D729}.Release|Any CPU.Build.0 = Release|Any CPU
	EndGlobalSection
	GlobalSection(SolutionProperties) = preSolution
		HideSolutionNode = FALSE
	EndGlobalSection
	GlobalSection(ExtensibilityGlobals) = postSolution
		SolutionGuid = {DED38EA3-9900-4D6D-AC5A-AC97BCA3D482}
	EndGlobalSection
EndGlobal
