
Microsoft Visual Studio Solution File, Format Version 12.00
# Visual Studio Version 16
VisualStudioVersion = 16.0.31702.278
MinimumVisualStudioVersion = 10.0.40219.1
Project("{FAE04EC0-301F-11D3-BF4B-00C04F79EFBC}") = "ShapesHierarchy", "ShapesHierarchy\ShapesHierarchy.csproj", "{07C7FAE4-6764-46E2-9AE0-66F9794F3E0D}"
EndProject
Global
	GlobalSection(SolutionConfigurationPlatforms) = preSolution
		Debug|Any CPU = Debug|Any CPU
		Release|Any CPU = Release|Any CPU
	EndGlobalSection
	GlobalSection(ProjectConfigurationPlatforms) = postSolution
		{07C7FAE4-6764-46E2-9AE0-66F9794F3E0D}.Debug|Any CPU.ActiveCfg = Debug|Any CPU
		{07C7FAE4-6764-46E2-9AE0-66F9794F3E0D}.Debug|Any CPU.Build.0 = Debug|Any CPU
		{07C7FAE4-6764-46E2-9AE0-66F9794F3E0D}.Release|Any CPU.ActiveCfg = Release|Any CPU
		{07C7FAE4-6764-46E2-9AE0-66F9794F3E0D}.Release|Any CPU.Build.0 = Release|Any CPU
	EndGlobalSection
	GlobalSection(SolutionProperties) = preSolution
		HideSolutionNode = FALSE
	EndGlobalSection
	GlobalSection(ExtensibilityGlobals) = postSolution
		SolutionGuid = {951420B3-3ED1-4036-BA5B-E2541A1492E7}
	EndGlobalSection
EndGlobal
