
Microsoft Visual Studio Solution File, Format Version 12.00
# Visual Studio Version 16
VisualStudioVersion = 16.0.31515.178
MinimumVisualStudioVersion = 10.0.40219.1
Project("{FAE04EC0-301F-11D3-BF4B-00C04F79EFBC}") = "Exam1", "Exam1\Exam1.csproj", "{DB7634B2-7CFE-4612-A74E-F15EF0A6BDA3}"
EndProject
Global
	GlobalSection(SolutionConfigurationPlatforms) = preSolution
		Debug|Any CPU = Debug|Any CPU
		Release|Any CPU = Release|Any CPU
	EndGlobalSection
	GlobalSection(ProjectConfigurationPlatforms) = postSolution
		{DB7634B2-7CFE-4612-A74E-F15EF0A6BDA3}.Debug|Any CPU.ActiveCfg = Debug|Any CPU
		{DB7634B2-7CFE-4612-A74E-F15EF0A6BDA3}.Debug|Any CPU.Build.0 = Debug|Any CPU
		{DB7634B2-7CFE-4612-A74E-F15EF0A6BDA3}.Release|Any CPU.ActiveCfg = Release|Any CPU
		{DB7634B2-7CFE-4612-A74E-F15EF0A6BDA3}.Release|Any CPU.Build.0 = Release|Any CPU
	EndGlobalSection
	GlobalSection(SolutionProperties) = preSolution
		HideSolutionNode = FALSE
	EndGlobalSection
	GlobalSection(ExtensibilityGlobals) = postSolution
		SolutionGuid = {16E04A8F-00CB-444B-A888-9BDCDB0B2A35}
	EndGlobalSection
EndGlobal
