
Microsoft Visual Studio Solution File, Format Version 12.00
# Visual Studio Version 16
VisualStudioVersion = 16.0.31515.178
MinimumVisualStudioVersion = 10.0.40219.1
Project("{FAE04EC0-301F-11D3-BF4B-00C04F79EFBC}") = "PubApp", "PubApp\PubApp.csproj", "{704C7266-4E0D-43FA-81E2-88824772B09B}"
EndProject
Global
	GlobalSection(SolutionConfigurationPlatforms) = preSolution
		Debug|Any CPU = Debug|Any CPU
		Release|Any CPU = Release|Any CPU
	EndGlobalSection
	GlobalSection(ProjectConfigurationPlatforms) = postSolution
		{704C7266-4E0D-43FA-81E2-88824772B09B}.Debug|Any CPU.ActiveCfg = Debug|Any CPU
		{704C7266-4E0D-43FA-81E2-88824772B09B}.Debug|Any CPU.Build.0 = Debug|Any CPU
		{704C7266-4E0D-43FA-81E2-88824772B09B}.Release|Any CPU.ActiveCfg = Release|Any CPU
		{704C7266-4E0D-43FA-81E2-88824772B09B}.Release|Any CPU.Build.0 = Release|Any CPU
	EndGlobalSection
	GlobalSection(SolutionProperties) = preSolution
		HideSolutionNode = FALSE
	EndGlobalSection
	GlobalSection(ExtensibilityGlobals) = postSolution
		SolutionGuid = {6588BE87-047D-43F3-B811-26C61CACCEB0}
	EndGlobalSection
EndGlobal
