
Microsoft Visual Studio Solution File, Format Version 12.00
# Visual Studio Version 16
VisualStudioVersion = 16.0.31515.178
MinimumVisualStudioVersion = 10.0.40219.1
Project("{FAE04EC0-301F-11D3-BF4B-00C04F79EFBC}") = "Exam3", "Exam3\Exam3.csproj", "{B6D32AEA-8561-44C1-A3F7-30523E0B8FA3}"
EndProject
Global
	GlobalSection(SolutionConfigurationPlatforms) = preSolution
		Debug|Any CPU = Debug|Any CPU
		Release|Any CPU = Release|Any CPU
	EndGlobalSection
	GlobalSection(ProjectConfigurationPlatforms) = postSolution
		{B6D32AEA-8561-44C1-A3F7-30523E0B8FA3}.Debug|Any CPU.ActiveCfg = Debug|Any CPU
		{B6D32AEA-8561-44C1-A3F7-30523E0B8FA3}.Debug|Any CPU.Build.0 = Debug|Any CPU
		{B6D32AEA-8561-44C1-A3F7-30523E0B8FA3}.Release|Any CPU.ActiveCfg = Release|Any CPU
		{B6D32AEA-8561-44C1-A3F7-30523E0B8FA3}.Release|Any CPU.Build.0 = Release|Any CPU
	EndGlobalSection
	GlobalSection(SolutionProperties) = preSolution
		HideSolutionNode = FALSE
	EndGlobalSection
	GlobalSection(ExtensibilityGlobals) = postSolution
		SolutionGuid = {DAD9F8FE-D14E-4ADF-A282-8530F12CE57F}
	EndGlobalSection
EndGlobal
